
Microsoft Visual Studio Solution File, Format Version 12.00
# Visual Studio Version 17
VisualStudioVersion = 17.8.34330.188
MinimumVisualStudioVersion = 10.0.40219.1
Project("{2150E333-8FDC-42A3-9474-1A3956D46DE8}") = ".github", ".github", "{98F526BB-E1F5-4F98-ACCA-F2DD309E93FF}"
EndProject
Project("{2150E333-8FDC-42A3-9474-1A3956D46DE8}") = "workflows", "workflows", "{C68ECD4E-F03B-4A9E-AA3E-FAF8E5A368C9}"
	ProjectSection(SolutionItems) = preProject
		.github\workflows\build_8.0.yml = .github\workflows\build_8.0.yml
		.github\workflows\build_9.0.yml = .github\workflows\build_9.0.yml
	EndProjectSection
EndProject
Project("{2150E333-8FDC-42A3-9474-1A3956D46DE8}") = "src", "src", "{6304A0A3-9F2E-4241-AEA9-D48709E4EF47}"
	ProjectSection(SolutionItems) = preProject
		src\MemoryService.cs = src\MemoryService.cs
	EndProjectSection
EndProject
Project("{2150E333-8FDC-42A3-9474-1A3956D46DE8}") = "솔루션 항목", "솔루션 항목", "{E9A3DB28-C153-47B4-A3C9-3EB46BA81A9E}"
	ProjectSection(SolutionItems) = preProject
		.gitignore = .gitignore
		LICENSE = LICENSE
		README.md = README.md
	EndProjectSection
EndProject
Project("{9A19103F-16F7-4668-BE54-9A1E7A4F7556}") = "MetaFrm.Service.MemoryService(net8.0)", "MetaFrm.Service.MemoryService(net8.0)\MetaFrm.Service.MemoryService(net8.0).csproj", "{D1773741-49C8-43A6-922D-16178AB47723}"
EndProject
Project("{FAE04EC0-301F-11D3-BF4B-00C04F79EFBC}") = "MetaFrm.Service.MemoryService(net9.0)", "MetaFrm.Service.MemoryService(net9.0)\MetaFrm.Service.MemoryService(net9.0).csproj", "{56DE9A35-FDE3-4427-8C31-A4E9B4611497}"
EndProject
Global
	GlobalSection(SolutionConfigurationPlatforms) = preSolution
		Debug|Any CPU = Debug|Any CPU
		Release|Any CPU = Release|Any CPU
	EndGlobalSection
	GlobalSection(ProjectConfigurationPlatforms) = postSolution
		{D1773741-49C8-43A6-922D-16178AB47723}.Debug|Any CPU.ActiveCfg = Debug|Any CPU
		{D1773741-49C8-43A6-922D-16178AB47723}.Debug|Any CPU.Build.0 = Debug|Any CPU
		{D1773741-49C8-43A6-922D-16178AB47723}.Release|Any CPU.ActiveCfg = Release|Any CPU
		{D1773741-49C8-43A6-922D-16178AB47723}.Release|Any CPU.Build.0 = Release|Any CPU
		{56DE9A35-FDE3-4427-8C31-A4E9B4611497}.Debug|Any CPU.ActiveCfg = Debug|Any CPU
		{56DE9A35-FDE3-4427-8C31-A4E9B4611497}.Debug|Any CPU.Build.0 = Debug|Any CPU
		{56DE9A35-FDE3-4427-8C31-A4E9B4611497}.Release|Any CPU.ActiveCfg = Release|Any CPU
		{56DE9A35-FDE3-4427-8C31-A4E9B4611497}.Release|Any CPU.Build.0 = Release|Any CPU
	EndGlobalSection
	GlobalSection(SolutionProperties) = preSolution
		HideSolutionNode = FALSE
	EndGlobalSection
	GlobalSection(NestedProjects) = preSolution
		{C68ECD4E-F03B-4A9E-AA3E-FAF8E5A368C9} = {98F526BB-E1F5-4F98-ACCA-F2DD309E93FF}
	EndGlobalSection
	GlobalSection(ExtensibilityGlobals) = postSolution
		SolutionGuid = {50B25DBB-3C95-4E29-9BC9-2902B3F6E95C}
	EndGlobalSection
EndGlobal
